// !$*UTF8*$!
{
	archiveVersion = 1;
	classes = {
	};
	objectVersion = 50;
	objects = {

/* Begin PBXBuildFile section */
		18269AB1265FDA49003E3ED0 /* PlayerDetailsViewController.swift in Sources */ = {isa = PBXBuildFile; fileRef = 18269AB0265FDA49003E3ED0 /* PlayerDetailsViewController.swift */; };
		18A17D5B2657D88900C52226 /* AppDelegate.swift in Sources */ = {isa = PBXBuildFile; fileRef = 18A17D5A2657D88900C52226 /* AppDelegate.swift */; };
		18A17D5D2657D88900C52226 /* SceneDelegate.swift in Sources */ = {isa = PBXBuildFile; fileRef = 18A17D5C2657D88900C52226 /* SceneDelegate.swift */; };
		18A17D622657D88900C52226 /* Main.storyboard in Resources */ = {isa = PBXBuildFile; fileRef = 18A17D602657D88900C52226 /* Main.storyboard */; };
		18A17D642657D88D00C52226 /* Assets.xcassets in Resources */ = {isa = PBXBuildFile; fileRef = 18A17D632657D88D00C52226 /* Assets.xcassets */; };
		18A17D672657D88D00C52226 /* LaunchScreen.storyboard in Resources */ = {isa = PBXBuildFile; fileRef = 18A17D652657D88D00C52226 /* LaunchScreen.storyboard */; };
		18A17D732657DC0200C52226 /* HomeViewController.swift in Sources */ = {isa = PBXBuildFile; fileRef = 18A17D722657DC0200C52226 /* HomeViewController.swift */; };
		18A17D9B26595E0800C52226 /* FootballAppResponse.swift in Sources */ = {isa = PBXBuildFile; fileRef = 18A17D9A26595E0800C52226 /* FootballAppResponse.swift */; };
		18A17DA2265BACD800C52226 /* DetailCell.swift in Sources */ = {isa = PBXBuildFile; fileRef = 18A17DA1265BACD800C52226 /* DetailCell.swift */; };
		18A17DAA265BB6CA00C52226 /* DetailTableViewController.swift in Sources */ = {isa = PBXBuildFile; fileRef = 18A17DA9265BB6CA00C52226 /* DetailTableViewController.swift */; };
		18A17DBA265D441400C52226 /* TeamDetailsViewController.swift in Sources */ = {isa = PBXBuildFile; fileRef = 18A17DB9265D441400C52226 /* TeamDetailsViewController.swift */; };
		18A17DC2265FAC9E00C52226 /* PlayerCell.swift in Sources */ = {isa = PBXBuildFile; fileRef = 18A17DC1265FAC9E00C52226 /* PlayerCell.swift */; };
		18A17DC5265FB44600C52226 /* PlayerResponse.swift in Sources */ = {isa = PBXBuildFile; fileRef = 18A17DC4265FB44600C52226 /* PlayerResponse.swift */; };
		5562D676725897C76620D413 /* libPods-Football App.a in Frameworks */ = {isa = PBXBuildFile; fileRef = 3915BE2DC5DB8796E1119EFB /* libPods-Football App.a */; };
/* End PBXBuildFile section */

/* Begin PBXFileReference section */
		18269AAE265FD790003E3ED0 /* Info.plist */ = {isa = PBXFileReference; fileEncoding = 4; lastKnownFileType = text.plist.xml; path = Info.plist; sourceTree = "<group>"; };
		18269AB0265FDA49003E3ED0 /* PlayerDetailsViewController.swift */ = {isa = PBXFileReference; lastKnownFileType = sourcecode.swift; path = PlayerDetailsViewController.swift; sourceTree = "<group>"; };
		18A17D572657D88900C52226 /* Football App.app */ = {isa = PBXFileReference; explicitFileType = wrapper.application; includeInIndex = 0; path = "Football App.app"; sourceTree = BUILT_PRODUCTS_DIR; };
		18A17D5A2657D88900C52226 /* AppDelegate.swift */ = {isa = PBXFileReference; lastKnownFileType = sourcecode.swift; path = AppDelegate.swift; sourceTree = "<group>"; };
		18A17D5C2657D88900C52226 /* SceneDelegate.swift */ = {isa = PBXFileReference; lastKnownFileType = sourcecode.swift; path = SceneDelegate.swift; sourceTree = "<group>"; };
		18A17D612657D88900C52226 /* Base */ = {isa = PBXFileReference; lastKnownFileType = file.storyboard; name = Base; path = Base.lproj/Main.storyboard; sourceTree = "<group>"; };
		18A17D632657D88D00C52226 /* Assets.xcassets */ = {isa = PBXFileReference; lastKnownFileType = folder.assetcatalog; path = Assets.xcassets; sourceTree = "<group>"; };
		18A17D662657D88D00C52226 /* Base */ = {isa = PBXFileReference; lastKnownFileType = file.storyboard; name = Base; path = Base.lproj/LaunchScreen.storyboard; sourceTree = "<group>"; };
		18A17D722657DC0200C52226 /* HomeViewController.swift */ = {isa = PBXFileReference; lastKnownFileType = sourcecode.swift; path = HomeViewController.swift; sourceTree = "<group>"; };
		18A17D9A26595E0800C52226 /* FootballAppResponse.swift */ = {isa = PBXFileReference; lastKnownFileType = sourcecode.swift; path = FootballAppResponse.swift; sourceTree = "<group>"; };
		18A17DA1265BACD800C52226 /* DetailCell.swift */ = {isa = PBXFileReference; lastKnownFileType = sourcecode.swift; path = DetailCell.swift; sourceTree = "<group>"; };
		18A17DA9265BB6CA00C52226 /* DetailTableViewController.swift */ = {isa = PBXFileReference; lastKnownFileType = sourcecode.swift; path = DetailTableViewController.swift; sourceTree = "<group>"; };
		18A17DB9265D441400C52226 /* TeamDetailsViewController.swift */ = {isa = PBXFileReference; lastKnownFileType = sourcecode.swift; path = TeamDetailsViewController.swift; sourceTree = "<group>"; };
		18A17DC1265FAC9E00C52226 /* PlayerCell.swift */ = {isa = PBXFileReference; lastKnownFileType = sourcecode.swift; path = PlayerCell.swift; sourceTree = "<group>"; };
		18A17DC4265FB44600C52226 /* PlayerResponse.swift */ = {isa = PBXFileReference; lastKnownFileType = sourcecode.swift; path = PlayerResponse.swift; sourceTree = "<group>"; };
		25262674C2B0BA75AE5CAD76 /* Pods-Football App.debug.xcconfig */ = {isa = PBXFileReference; includeInIndex = 1; lastKnownFileType = text.xcconfig; name = "Pods-Football App.debug.xcconfig"; path = "Target Support Files/Pods-Football App/Pods-Football App.debug.xcconfig"; sourceTree = "<group>"; };
		3915BE2DC5DB8796E1119EFB /* libPods-Football App.a */ = {isa = PBXFileReference; explicitFileType = archive.ar; includeInIndex = 0; path = "libPods-Football App.a"; sourceTree = BUILT_PRODUCTS_DIR; };
		88489E4ABD5488863D8CF2A8 /* Pods-Football App.release.xcconfig */ = {isa = PBXFileReference; includeInIndex = 1; lastKnownFileType = text.xcconfig; name = "Pods-Football App.release.xcconfig"; path = "Target Support Files/Pods-Football App/Pods-Football App.release.xcconfig"; sourceTree = "<group>"; };
/* End PBXFileReference section */

/* Begin PBXFrameworksBuildPhase section */
		18A17D542657D88900C52226 /* Frameworks */ = {
			isa = PBXFrameworksBuildPhase;
			buildActionMask = 2147483647;
			files = (
				5562D676725897C76620D413 /* libPods-Football App.a in Frameworks */,
			);
			runOnlyForDeploymentPostprocessing = 0;
		};
/* End PBXFrameworksBuildPhase section */

/* Begin PBXGroup section */
		18A17D4E2657D88900C52226 = {
			isa = PBXGroup;
			children = (
				18A17D592657D88900C52226 /* Football App */,
				18A17D582657D88900C52226 /* Products */,
				66241CAFC89069D086B16296 /* Pods */,
				993D7DE17460E6BB2F10F648 /* Frameworks */,
			);
			sourceTree = "<group>";
		};
		18A17D582657D88900C52226 /* Products */ = {
			isa = PBXGroup;
			children = (
				18A17D572657D88900C52226 /* Football App.app */,
			);
			name = Products;
			sourceTree = "<group>";
		};
		18A17D592657D88900C52226 /* Football App */ = {
			isa = PBXGroup;
			children = (
				18269AAE265FD790003E3ED0 /* Info.plist */,
				18A17DCE265FC72200C52226 /* Utilities */,
				18A17DCD265FC6B600C52226 /* Storyboard */,
				18A17DCC265FC69F00C52226 /* ResponseData */,
				18A17DCA265FC67B00C52226 /* ViewControllers */,
				18A17DC7265FC66700C52226 /* Cell */,
			);
			path = "Football App";
			sourceTree = "<group>";
		};
		18A17DC7265FC66700C52226 /* Cell */ = {
			isa = PBXGroup;
			children = (
				18A17DA1265BACD800C52226 /* DetailCell.swift */,
				18A17DC1265FAC9E00C52226 /* PlayerCell.swift */,
			);
			path = Cell;
			sourceTree = "<group>";
		};
		18A17DCA265FC67B00C52226 /* ViewControllers */ = {
			isa = PBXGroup;
			children = (
				18A17D722657DC0200C52226 /* HomeViewController.swift */,
				18A17DA9265BB6CA00C52226 /* DetailTableViewController.swift */,
				18A17DB9265D441400C52226 /* TeamDetailsViewController.swift */,
				18269AB0265FDA49003E3ED0 /* PlayerDetailsViewController.swift */,
			);
			path = ViewControllers;
			sourceTree = "<group>";
		};
		18A17DCC265FC69F00C52226 /* ResponseData */ = {
			isa = PBXGroup;
			children = (
				18A17D9A26595E0800C52226 /* FootballAppResponse.swift */,
				18A17DC4265FB44600C52226 /* PlayerResponse.swift */,
			);
			path = ResponseData;
			sourceTree = "<group>";
		};
		18A17DCD265FC6B600C52226 /* Storyboard */ = {
			isa = PBXGroup;
			children = (
				18A17D602657D88900C52226 /* Main.storyboard */,
				18A17D652657D88D00C52226 /* LaunchScreen.storyboard */,
				18A17D632657D88D00C52226 /* Assets.xcassets */,
			);
			path = Storyboard;
			sourceTree = "<group>";
		};
		18A17DCE265FC72200C52226 /* Utilities */ = {
			isa = PBXGroup;
			children = (
				18A17D5A2657D88900C52226 /* AppDelegate.swift */,
				18A17D5C2657D88900C52226 /* SceneDelegate.swift */,
			);
			path = Utilities;
			sourceTree = "<group>";
		};
		66241CAFC89069D086B16296 /* Pods */ = {
			isa = PBXGroup;
			children = (
				25262674C2B0BA75AE5CAD76 /* Pods-Football App.debug.xcconfig */,
				88489E4ABD5488863D8CF2A8 /* Pods-Football App.release.xcconfig */,
			);
			path = Pods;
			sourceTree = "<group>";
		};
		993D7DE17460E6BB2F10F648 /* Frameworks */ = {
			isa = PBXGroup;
			children = (
				3915BE2DC5DB8796E1119EFB /* libPods-Football App.a */,
			);
			name = Frameworks;
			sourceTree = "<group>";
		};
/* End PBXGroup section */

/* Begin PBXNativeTarget section */
		18A17D562657D88900C52226 /* Football App */ = {
			isa = PBXNativeTarget;
			buildConfigurationList = 18A17D6B2657D88D00C52226 /* Build configuration list for PBXNativeTarget "Football App" */;
			buildPhases = (
				2036228520115B2B0F9F0733 /* [CP] Check Pods Manifest.lock */,
				18A17D532657D88900C52226 /* Sources */,
				18A17D542657D88900C52226 /* Frameworks */,
				18A17D552657D88900C52226 /* Resources */,
			);
			buildRules = (
			);
			dependencies = (
			);
			name = "Football App";
			productName = "Football App";
			productReference = 18A17D572657D88900C52226 /* Football App.app */;
			productType = "com.apple.product-type.application";
		};
/* End PBXNativeTarget section */

/* Begin PBXProject section */
		18A17D4F2657D88900C52226 /* Project object */ = {
			isa = PBXProject;
			attributes = {
				LastSwiftUpdateCheck = 1240;
				LastUpgradeCheck = 1240;
				TargetAttributes = {
					18A17D562657D88900C52226 = {
						CreatedOnToolsVersion = 12.4;
					};
				};
			};
			buildConfigurationList = 18A17D522657D88900C52226 /* Build configuration list for PBXProject "Football App" */;
			compatibilityVersion = "Xcode 9.3";
			developmentRegion = en;
			hasScannedForEncodings = 0;
			knownRegions = (
				en,
				Base,
			);
			mainGroup = 18A17D4E2657D88900C52226;
			productRefGroup = 18A17D582657D88900C52226 /* Products */;
			projectDirPath = "";
			projectRoot = "";
			targets = (
				18A17D562657D88900C52226 /* Football App */,
			);
		};
/* End PBXProject section */

/* Begin PBXResourcesBuildPhase section */
		18A17D552657D88900C52226 /* Resources */ = {
			isa = PBXResourcesBuildPhase;
			buildActionMask = 2147483647;
			files = (
				18A17D672657D88D00C52226 /* LaunchScreen.storyboard in Resources */,
				18A17D642657D88D00C52226 /* Assets.xcassets in Resources */,
				18A17D622657D88900C52226 /* Main.storyboard in Resources */,
			);
			runOnlyForDeploymentPostprocessing = 0;
		};
/* End PBXResourcesBuildPhase section */

/* Begin PBXShellScriptBuildPhase section */
		2036228520115B2B0F9F0733 /* [CP] Check Pods Manifest.lock */ = {
			isa = PBXShellScriptBuildPhase;
			buildActionMask = 2147483647;
			files = (
			);
			inputFileListPaths = (
			);
			inputPaths = (
				"${PODS_PODFILE_DIR_PATH}/Podfile.lock",
				"${PODS_ROOT}/Manifest.lock",
			);
			name = "[CP] Check Pods Manifest.lock";
			outputFileListPaths = (
			);
			outputPaths = (
				"$(DERIVED_FILE_DIR)/Pods-Football App-checkManifestLockResult.txt",
			);
			runOnlyForDeploymentPostprocessing = 0;
			shellPath = /bin/sh;
			shellScript = "diff \"${PODS_PODFILE_DIR_PATH}/Podfile.lock\" \"${PODS_ROOT}/Manifest.lock\" > /dev/null\nif [ $? != 0 ] ; then\n    # print error to STDERR\n    echo \"error: The sandbox is not in sync with the Podfile.lock. Run 'pod install' or update your CocoaPods installation.\" >&2\n    exit 1\nfi\n# This output is used by Xcode 'outputs' to avoid re-running this script phase.\necho \"SUCCESS\" > \"${SCRIPT_OUTPUT_FILE_0}\"\n";
			showEnvVarsInLog = 0;
		};
/* End PBXShellScriptBuildPhase section */

/* Begin PBXSourcesBuildPhase section */
		18A17D532657D88900C52226 /* Sources */ = {
			isa = PBXSourcesBuildPhase;
			buildActionMask = 2147483647;
			files = (
				18A17DC2265FAC9E00C52226 /* PlayerCell.swift in Sources */,
				18A17DAA265BB6CA00C52226 /* DetailTableViewController.swift in Sources */,
				18A17D5B2657D88900C52226 /* AppDelegate.swift in Sources */,
				18A17D5D2657D88900C52226 /* SceneDelegate.swift in Sources */,
				18269AB1265FDA49003E3ED0 /* PlayerDetailsViewController.swift in Sources */,
				18A17DA2265BACD800C52226 /* DetailCell.swift in Sources */,
				18A17D732657DC0200C52226 /* HomeViewController.swift in Sources */,
				18A17DC5265FB44600C52226 /* PlayerResponse.swift in Sources */,
				18A17DBA265D441400C52226 /* TeamDetailsViewController.swift in Sources */,
				18A17D9B26595E0800C52226 /* FootballAppResponse.swift in Sources */,
			);
			runOnlyForDeploymentPostprocessing = 0;
		};
/* End PBXSourcesBuildPhase section */

/* Begin PBXVariantGroup section */
		18A17D602657D88900C52226 /* Main.storyboard */ = {
			isa = PBXVariantGroup;
			children = (
				18A17D612657D88900C52226 /* Base */,
			);
			name = Main.storyboard;
			sourceTree = "<group>";
		};
		18A17D652657D88D00C52226 /* LaunchScreen.storyboard */ = {
			isa = PBXVariantGroup;
			children = (
				18A17D662657D88D00C52226 /* Base */,
			);
			name = LaunchScreen.storyboard;
			sourceTree = "<group>";
		};
/* End PBXVariantGroup section */

/* Begin XCBuildConfiguration section */
		18A17D692657D88D00C52226 /* Debug */ = {
			isa = XCBuildConfiguration;
			buildSettings = {
				ALWAYS_SEARCH_USER_PATHS = NO;
				CLANG_ANALYZER_NONNULL = YES;
				CLANG_ANALYZER_NUMBER_OBJECT_CONVERSION = YES_AGGRESSIVE;
				CLANG_CXX_LANGUAGE_STANDARD = "gnu++14";
				CLANG_CXX_LIBRARY = "libc++";
				CLANG_ENABLE_MODULES = YES;
				CLANG_ENABLE_OBJC_ARC = YES;
				CLANG_ENABLE_OBJC_WEAK = YES;
				CLANG_WARN_BLOCK_CAPTURE_AUTORELEASING = YES;
				CLANG_WARN_BOOL_CONVERSION = YES;
				CLANG_WARN_COMMA = YES;
				CLANG_WARN_CONSTANT_CONVERSION = YES;
				CLANG_WARN_DEPRECATED_OBJC_IMPLEMENTATIONS = YES;
				CLANG_WARN_DIRECT_OBJC_ISA_USAGE = YES_ERROR;
				CLANG_WARN_DOCUMENTATION_COMMENTS = YES;
				CLANG_WARN_EMPTY_BODY = YES;
				CLANG_WARN_ENUM_CONVERSION = YES;
				CLANG_WARN_INFINITE_RECURSION = YES;
				CLANG_WARN_INT_CONVERSION = YES;
				CLANG_WARN_NON_LITERAL_NULL_CONVERSION = YES;
				CLANG_WARN_OBJC_IMPLICIT_RETAIN_SELF = YES;
				CLANG_WARN_OBJC_LITERAL_CONVERSION = YES;
				CLANG_WARN_OBJC_ROOT_CLASS = YES_ERROR;
				CLANG_WARN_QUOTED_INCLUDE_IN_FRAMEWORK_HEADER = YES;
				CLANG_WARN_RANGE_LOOP_ANALYSIS = YES;
				CLANG_WARN_STRICT_PROTOTYPES = YES;
				CLANG_WARN_SUSPICIOUS_MOVE = YES;
				CLANG_WARN_UNGUARDED_AVAILABILITY = YES_AGGRESSIVE;
				CLANG_WARN_UNREACHABLE_CODE = YES;
				CLANG_WARN__DUPLICATE_METHOD_MATCH = YES;
				COPY_PHASE_STRIP = NO;
				DEBUG_INFORMATION_FORMAT = dwarf;
				ENABLE_STRICT_OBJC_MSGSEND = YES;
				ENABLE_TESTABILITY = YES;
				GCC_C_LANGUAGE_STANDARD = gnu11;
				GCC_DYNAMIC_NO_PIC = NO;
				GCC_NO_COMMON_BLOCKS = YES;
				GCC_OPTIMIZATION_LEVEL = 0;
				GCC_PREPROCESSOR_DEFINITIONS = (
					"DEBUG=1",
					"$(inherited)",
				);
				GCC_WARN_64_TO_32_BIT_CONVERSION = YES;
				GCC_WARN_ABOUT_RETURN_TYPE = YES_ERROR;
				GCC_WARN_UNDECLARED_SELECTOR = YES;
				GCC_WARN_UNINITIALIZED_AUTOS = YES_AGGRESSIVE;
				GCC_WARN_UNUSED_FUNCTION = YES;
				GCC_WARN_UNUSED_VARIABLE = YES;
				IPHONEOS_DEPLOYMENT_TARGET = 14.4;
				MTL_ENABLE_DEBUG_INFO = INCLUDE_SOURCE;
				MTL_FAST_MATH = YES;
				ONLY_ACTIVE_ARCH = YES;
				SDKROOT = iphoneos;
				SWIFT_ACTIVE_COMPILATION_CONDITIONS = DEBUG;
				SWIFT_OPTIMIZATION_LEVEL = "-Onone";
			};
			name = Debug;
		};
		18A17D6A2657D88D00C52226 /* Release */ = {
			isa = XCBuildConfiguration;
			buildSettings = {
				ALWAYS_SEARCH_USER_PATHS = NO;
				CLANG_ANALYZER_NONNULL = YES;
				CLANG_ANALYZER_NUMBER_OBJECT_CONVERSION = YES_AGGRESSIVE;
				CLANG_CXX_LANGUAGE_STANDARD = "gnu++14";
				CLANG_CXX_LIBRARY = "libc++";
				CLANG_ENABLE_MODULES = YES;
				CLANG_ENABLE_OBJC_ARC = YES;
				CLANG_ENABLE_OBJC_WEAK = YES;
				CLANG_WARN_BLOCK_CAPTURE_AUTORELEASING = YES;
				CLANG_WARN_BOOL_CONVERSION = YES;
				CLANG_WARN_COMMA = YES;
				CLANG_WARN_CONSTANT_CONVERSION = YES;
				CLANG_WARN_DEPRECATED_OBJC_IMPLEMENTATIONS = YES;
				CLANG_WARN_DIRECT_OBJC_ISA_USAGE = YES_ERROR;
				CLANG_WARN_DOCUMENTATION_COMMENTS = YES;
				CLANG_WARN_EMPTY_BODY = YES;
				CLANG_WARN_ENUM_CONVERSION = YES;
				CLANG_WARN_INFINITE_RECURSION = YES;
				CLANG_WARN_INT_CONVERSION = YES;
				CLANG_WARN_NON_LITERAL_NULL_CONVERSION = YES;
				CLANG_WARN_OBJC_IMPLICIT_RETAIN_SELF = YES;
				CLANG_WARN_OBJC_LITERAL_CONVERSION = YES;
				CLANG_WARN_OBJC_ROOT_CLASS = YES_ERROR;
				CLANG_WARN_QUOTED_INCLUDE_IN_FRAMEWORK_HEADER = YES;
				CLANG_WARN_RANGE_LOOP_ANALYSIS = YES;
				CLANG_WARN_STRICT_PROTOTYPES = YES;
				CLANG_WARN_SUSPICIOUS_MOVE = YES;
				CLANG_WARN_UNGUARDED_AVAILABILITY = YES_AGGRESSIVE;
				CLANG_WARN_UNREACHABLE_CODE = YES;
				CLANG_WARN__DUPLICATE_METHOD_MATCH = YES;
				COPY_PHASE_STRIP = NO;
				DEBUG_INFORMATION_FORMAT = "dwarf-with-dsym";
				ENABLE_NS_ASSERTIONS = NO;
				ENABLE_STRICT_OBJC_MSGSEND = YES;
				GCC_C_LANGUAGE_STANDARD = gnu11;
				GCC_NO_COMMON_BLOCKS = YES;
				GCC_WARN_64_TO_32_BIT_CONVERSION = YES;
				GCC_WARN_ABOUT_RETURN_TYPE = YES_ERROR;
				GCC_WARN_UNDECLARED_SELECTOR = YES;
				GCC_WARN_UNINITIALIZED_AUTOS = YES_AGGRESSIVE;
				GCC_WARN_UNUSED_FUNCTION = YES;
				GCC_WARN_UNUSED_VARIABLE = YES;
				IPHONEOS_DEPLOYMENT_TARGET = 14.4;
				MTL_ENABLE_DEBUG_INFO = NO;
				MTL_FAST_MATH = YES;
				SDKROOT = iphoneos;
				SWIFT_COMPILATION_MODE = wholemodule;
				SWIFT_OPTIMIZATION_LEVEL = "-O";
				VALIDATE_PRODUCT = YES;
			};
			name = Release;
		};
		18A17D6C2657D88D00C52226 /* Debug */ = {
			isa = XCBuildConfiguration;
			baseConfigurationReference = 25262674C2B0BA75AE5CAD76 /* Pods-Football App.debug.xcconfig */;
			buildSettings = {
				ASSETCATALOG_COMPILER_APPICON_NAME = AppIcon;
				ASSETCATALOG_COMPILER_GLOBAL_ACCENT_COLOR_NAME = AccentColor;
				CODE_SIGN_STYLE = Automatic;
				DEVELOPMENT_TEAM = J4Q86RDFKA;
				INFOPLIST_FILE = "$(SRCROOT)/Info.plist";
				"INFOPLIST_FILE[sdk=*]" = "Football App/Info.plist";
				LD_RUNPATH_SEARCH_PATHS = (
					"$(inherited)",
					"@executable_path/Frameworks",
				);
				PRODUCT_BUNDLE_IDENTIFIER = "com.trivial.Football-App";
				PRODUCT_NAME = "$(TARGET_NAME)";
				SWIFT_VERSION = 5.0;
				TARGETED_DEVICE_FAMILY = "1,2";
			};
			name = Debug;
		};
		18A17D6D2657D88D00C52226 /* Release */ = {
			isa = XCBuildConfiguration;
			baseConfigurationReference = 88489E4ABD5488863D8CF2A8 /* Pods-Football App.release.xcconfig */;
			buildSettings = {
				ASSETCATALOG_COMPILER_APPICON_NAME = AppIcon;
				ASSETCATALOG_COMPILER_GLOBAL_ACCENT_COLOR_NAME = AccentColor;
				CODE_SIGN_STYLE = Automatic;
				DEVELOPMENT_TEAM = J4Q86RDFKA;
				INFOPLIST_FILE = "$(SRCROOT)/Info.plist";
				LD_RUNPATH_SEARCH_PATHS = (
					"$(inherited)",
					"@executable_path/Frameworks",
				);
				PRODUCT_BUNDLE_IDENTIFIER = "com.trivial.Football-App";
				PRODUCT_NAME = "$(TARGET_NAME)";
				SWIFT_VERSION = 5.0;
				TARGETED_DEVICE_FAMILY = "1,2";
			};
			name = Release;
		};
/* End XCBuildConfiguration section */

/* Begin XCConfigurationList section */
		18A17D522657D88900C52226 /* Build configuration list for PBXProject "Football App" */ = {
			isa = XCConfigurationList;
			buildConfigurations = (
				18A17D692657D88D00C52226 /* Debug */,
				18A17D6A2657D88D00C52226 /* Release */,
			);
			defaultConfigurationIsVisible = 0;
			defaultConfigurationName = Release;
		};
		18A17D6B2657D88D00C52226 /* Build configuration list for PBXNativeTarget "Football App" */ = {
			isa = XCConfigurationList;
			buildConfigurations = (
				18A17D6C2657D88D00C52226 /* Debug */,
				18A17D6D2657D88D00C52226 /* Release */,
			);
			defaultConfigurationIsVisible = 0;
			defaultConfigurationName = Release;
		};
/* End XCConfigurationList section */
	};
	rootObject = 18A17D4F2657D88900C52226 /* Project object */;
}
